# THIS IS AN AUTOGENERATED FILE. DO NOT EDIT THIS FILE DIRECTLY.
# yarn lockfile v1


he@^1.2.0:
  version "1.2.0"
  resolved "https://registry.yarnpkg.com/he/-/he-1.2.0.tgz#84ae65fa7eafb165fddb61566ae14baf05664f0f"
  integrity sha512-F/1DnUGPopORZi0ni+CvrCgHQ5FyEAHRLSApuYWMmrbSwoN2Mn/7k+Gl38gJnR7yyDZk6WLXwiGod1JOWNDKGw==

xslt-processor@^0.11.5:
  version "0.11.5"
  resolved "https://registry.yarnpkg.com/xslt-processor/-/xslt-processor-0.11.5.tgz#efc6f087444a603243f792103d995e1ca6cb9283"
  integrity sha512-1sqWl7cfLLPpGi5cieiIlqqpQU3f44N7gfFzCqvi0Om53vxmwZIp877x5+H6HoxaL8cr1xGG3OWRR2FtOC7zTg==
  dependencies:
    he "^1.2.0"
